
Microsoft Visual Studio Solution File, Format Version 12.00
# Visual Studio 15
Project("{FAE04EC0-301F-11D3-BF4B-00C04F79EFBC}") = "Assembly-CSharp", "Assembly-CSharp.csproj", "{DC075B10-458A-08F1-0D90-F444AD08063E}"
EndProject
Global
	GlobalSection(SolutionConfigurationPlatforms) = preSolution
		Debug|Any CPU = Debug|Any CPU
		Release|Any CPU = Release|Any CPU
	EndGlobalSection
	GlobalSection(ProjectConfigurationPlatforms) = postSolution
		{DC075B10-458A-08F1-0D90-F444AD08063E}.Debug|Any CPU.ActiveCfg = Debug|Any CPU
		{DC075B10-458A-08F1-0D90-F444AD08063E}.Debug|Any CPU.Build.0 = Debug|Any CPU
		{DC075B10-458A-08F1-0D90-F444AD08063E}.Release|Any CPU.ActiveCfg = Release|Any CPU
		{DC075B10-458A-08F1-0D90-F444AD08063E}.Release|Any CPU.Build.0 = Release|Any CPU
	EndGlobalSection
	GlobalSection(SolutionProperties) = preSolution
		HideSolutionNode = FALSE
	EndGlobalSection
EndGlobal
